
Microsoft Visual Studio Solution File, Format Version 12.00
# Visual Studio Version 16
VisualStudioVersion = 16.0.29613.14
MinimumVisualStudioVersion = 10.0.40219.1
Project("{9A19103F-16F7-4668-BE54-9A1E7A4F7556}") = "Ude.Example", "src\Example\Ude.Example.csproj", "{F672E6C2-14CC-47B6-8451-4D8AEDE86130}"
EndProject
Project("{9A19103F-16F7-4668-BE54-9A1E7A4F7556}") = "Ude", "src\Library\Ude.csproj", "{7BECB850-389A-44FC-8523-3EF0B2540F07}"
EndProject
Project("{9A19103F-16F7-4668-BE54-9A1E7A4F7556}") = "Ude.Tests", "src\Tests\Ude.Tests.csproj", "{2E3B94DE-8ABB-4AF8-9755-2C57C4992851}"
EndProject
Global
	GlobalSection(SolutionConfigurationPlatforms) = preSolution
		Debug|Any CPU = Debug|Any CPU
		Release|Any CPU = Release|Any CPU
	EndGlobalSection
	GlobalSection(ProjectConfigurationPlatforms) = postSolution
		{F672E6C2-14CC-47B6-8451-4D8AEDE86130}.Debug|Any CPU.ActiveCfg = Debug|Any CPU
		{F672E6C2-14CC-47B6-8451-4D8AEDE86130}.Debug|Any CPU.Build.0 = Debug|Any CPU
		{F672E6C2-14CC-47B6-8451-4D8AEDE86130}.Release|Any CPU.ActiveCfg = Debug|Any CPU
		{F672E6C2-14CC-47B6-8451-4D8AEDE86130}.Release|Any CPU.Build.0 = Debug|Any CPU
		{7BECB850-389A-44FC-8523-3EF0B2540F07}.Debug|Any CPU.ActiveCfg = Debug|Any CPU
		{7BECB850-389A-44FC-8523-3EF0B2540F07}.Debug|Any CPU.Build.0 = Debug|Any CPU
		{7BECB850-389A-44FC-8523-3EF0B2540F07}.Release|Any CPU.ActiveCfg = Release|Any CPU
		{7BECB850-389A-44FC-8523-3EF0B2540F07}.Release|Any CPU.Build.0 = Release|Any CPU
		{2E3B94DE-8ABB-4AF8-9755-2C57C4992851}.Debug|Any CPU.ActiveCfg = Debug|Any CPU
		{2E3B94DE-8ABB-4AF8-9755-2C57C4992851}.Debug|Any CPU.Build.0 = Debug|Any CPU
		{2E3B94DE-8ABB-4AF8-9755-2C57C4992851}.Release|Any CPU.ActiveCfg = Release|Any CPU
		{2E3B94DE-8ABB-4AF8-9755-2C57C4992851}.Release|Any CPU.Build.0 = Release|Any CPU
	EndGlobalSection
	GlobalSection(SolutionProperties) = preSolution
		HideSolutionNode = FALSE
	EndGlobalSection
	GlobalSection(ExtensibilityGlobals) = postSolution
		SolutionGuid = {CB89BE0B-9DD9-4BF3-8775-981E5F7F8B8E}
	EndGlobalSection
EndGlobal
